// !$*UTF8*$!
{
	archiveVersion = 1;
	classes = {
	};
	objectVersion = 52;
	objects = {

/* Begin PBXBuildFile section */
		3A21F3BE25F44DFF00841B34 /* Player.swift in Sources */ = {isa = PBXBuildFile; fileRef = 3A21F3BD25F44DFF00841B34 /* Player.swift */; };
		3A2565A925E770EA00C173AA /* Music_PlayerApp.swift in Sources */ = {isa = PBXBuildFile; fileRef = 3A2565A825E770EA00C173AA /* Music_PlayerApp.swift */; };
		3A2565AB25E770EA00C173AA /* HomeView.swift in Sources */ = {isa = PBXBuildFile; fileRef = 3A2565AA25E770EA00C173AA /* HomeView.swift */; };
		3A2565AD25E770ED00C173AA /* Assets.xcassets in Resources */ = {isa = PBXBuildFile; fileRef = 3A2565AC25E770ED00C173AA /* Assets.xcassets */; };
		3A2565B025E770ED00C173AA /* Preview Assets.xcassets in Resources */ = {isa = PBXBuildFile; fileRef = 3A2565AF25E770ED00C173AA /* Preview Assets.xcassets */; };
		3A2565BB25E770ED00C173AA /* Music_PlayerTests.swift in Sources */ = {isa = PBXBuildFile; fileRef = 3A2565BA25E770ED00C173AA /* Music_PlayerTests.swift */; };
		3A2565C625E770ED00C173AA /* Music_PlayerUITests.swift in Sources */ = {isa = PBXBuildFile; fileRef = 3A2565C525E770ED00C173AA /* Music_PlayerUITests.swift */; };
		3A2565D725E7819F00C173AA /* FileManager+.swift in Sources */ = {isa = PBXBuildFile; fileRef = 3A2565D625E7819F00C173AA /* FileManager+.swift */; };
		3A2565E925E784A700C173AA /* Nihilore - Fragile - 09 Katabasis.mp3 in Resources */ = {isa = PBXBuildFile; fileRef = 3A2565DC25E784A700C173AA /* Nihilore - Fragile - 09 Katabasis.mp3 */; };
		3A2565EA25E784A700C173AA /* Nihilore - Fragile - 05 Parade.mp3 in Resources */ = {isa = PBXBuildFile; fileRef = 3A2565DD25E784A700C173AA /* Nihilore - Fragile - 05 Parade.mp3 */; };
		3A2565EB25E784A700C173AA /* Nihilore - Fragile - 03 Solitaire.mp3 in Resources */ = {isa = PBXBuildFile; fileRef = 3A2565DE25E784A700C173AA /* Nihilore - Fragile - 03 Solitaire.mp3 */; };
		3A2565EC25E784A700C173AA /* Nihilore - Fragile - 06 Drifting.mp3 in Resources */ = {isa = PBXBuildFile; fileRef = 3A2565DF25E784A700C173AA /* Nihilore - Fragile - 06 Drifting.mp3 */; };
		3A2565ED25E784A700C173AA /* Nihilore - Fragile - 11 Broken in Two.mp3 in Resources */ = {isa = PBXBuildFile; fileRef = 3A2565E025E784A700C173AA /* Nihilore - Fragile - 11 Broken in Two.mp3 */; };
		3A2565EE25E784A700C173AA /* Nihilore - Fragile - Fragile-logo.jpg in Resources */ = {isa = PBXBuildFile; fileRef = 3A2565E125E784A700C173AA /* Nihilore - Fragile - Fragile-logo.jpg */; };
		3A2565EF25E784A700C173AA /* Nihilore - Fragile - 10 Same as Sharks.mp3 in Resources */ = {isa = PBXBuildFile; fileRef = 3A2565E225E784A700C173AA /* Nihilore - Fragile - 10 Same as Sharks.mp3 */; };
		3A2565F025E784A700C173AA /* Nihilore - Fragile - 04 Healing.mp3 in Resources */ = {isa = PBXBuildFile; fileRef = 3A2565E325E784A700C173AA /* Nihilore - Fragile - 04 Healing.mp3 */; };
		3A2565F125E784A700C173AA /* Nihilore - Fragile - 02 Fictofaction.mp3 in Resources */ = {isa = PBXBuildFile; fileRef = 3A2565E425E784A700C173AA /* Nihilore - Fragile - 02 Fictofaction.mp3 */; };
		3A2565F225E784A700C173AA /* Nihilore - Fragile - 08 Past Times.mp3 in Resources */ = {isa = PBXBuildFile; fileRef = 3A2565E525E784A700C173AA /* Nihilore - Fragile - 08 Past Times.mp3 */; };
		3A2565F325E784A700C173AA /* Nihilore - Fragile - 01 Oceans Apart.mp3 in Resources */ = {isa = PBXBuildFile; fileRef = 3A2565E625E784A700C173AA /* Nihilore - Fragile - 01 Oceans Apart.mp3 */; };
		3A2565F425E784A700C173AA /* cover.jpg in Resources */ = {isa = PBXBuildFile; fileRef = 3A2565E725E784A700C173AA /* cover.jpg */; };
		3A2565F525E784A700C173AA /* Nihilore - Fragile - 07 Hailstorm.mp3 in Resources */ = {isa = PBXBuildFile; fileRef = 3A2565E825E784A700C173AA /* Nihilore - Fragile - 07 Hailstorm.mp3 */; };
		3A2565FD25E7876200C173AA /* HomeViewModel.swift in Sources */ = {isa = PBXBuildFile; fileRef = 3A2565FC25E7876200C173AA /* HomeViewModel.swift */; };
		3A25660525E78D0800C173AA /* songs.json in Resources */ = {isa = PBXBuildFile; fileRef = 3A25660425E78D0800C173AA /* songs.json */; };
		3A8E439C25F146B300D075A0 /* ProgressBarView.swift in Sources */ = {isa = PBXBuildFile; fileRef = 3A8E439B25F146B300D075A0 /* ProgressBarView.swift */; };
		3ABDC71425EBEF58008EEF17 /* Song.swift in Sources */ = {isa = PBXBuildFile; fileRef = 3ABDC71325EBEF58008EEF17 /* Song.swift */; };
		3ABDC71925EBF0F8008EEF17 /* Songs.swift in Sources */ = {isa = PBXBuildFile; fileRef = 3ABDC71825EBF0F8008EEF17 /* Songs.swift */; };
		3ABDC72125EC5900008EEF17 /* Bundle+.swift in Sources */ = {isa = PBXBuildFile; fileRef = 3ABDC72025EC5900008EEF17 /* Bundle+.swift */; };
		3ABDC72625EEEBE2008EEF17 /* SongListItemView.swift in Sources */ = {isa = PBXBuildFile; fileRef = 3ABDC72525EEEBE2008EEF17 /* SongListItemView.swift */; };
		3ABDC73225EF00BB008EEF17 /* Nuke in Frameworks */ = {isa = PBXBuildFile; productRef = 3ABDC73125EF00BB008EEF17 /* Nuke */; };
		3ABDC73725EF3960008EEF17 /* PlayerView.swift in Sources */ = {isa = PBXBuildFile; fileRef = 3ABDC73625EF3960008EEF17 /* PlayerView.swift */; };
/* End PBXBuildFile section */

/* Begin PBXContainerItemProxy section */
		3A2565B725E770ED00C173AA /* PBXContainerItemProxy */ = {
			isa = PBXContainerItemProxy;
			containerPortal = 3A25659D25E770EA00C173AA /* Project object */;
			proxyType = 1;
			remoteGlobalIDString = 3A2565A425E770EA00C173AA;
			remoteInfo = "Music Player";
		};
		3A2565C225E770ED00C173AA /* PBXContainerItemProxy */ = {
			isa = PBXContainerItemProxy;
			containerPortal = 3A25659D25E770EA00C173AA /* Project object */;
			proxyType = 1;
			remoteGlobalIDString = 3A2565A425E770EA00C173AA;
			remoteInfo = "Music Player";
		};
/* End PBXContainerItemProxy section */

/* Begin PBXFileReference section */
		3A21F3BD25F44DFF00841B34 /* Player.swift */ = {isa = PBXFileReference; lastKnownFileType = sourcecode.swift; path = Player.swift; sourceTree = "<group>"; };
		3A2565A525E770EA00C173AA /* Music Player.app */ = {isa = PBXFileReference; explicitFileType = wrapper.application; includeInIndex = 0; path = "Music Player.app"; sourceTree = BUILT_PRODUCTS_DIR; };
		3A2565A825E770EA00C173AA /* Music_PlayerApp.swift */ = {isa = PBXFileReference; lastKnownFileType = sourcecode.swift; path = Music_PlayerApp.swift; sourceTree = "<group>"; };
		3A2565AA25E770EA00C173AA /* HomeView.swift */ = {isa = PBXFileReference; lastKnownFileType = sourcecode.swift; path = HomeView.swift; sourceTree = "<group>"; };
		3A2565AC25E770ED00C173AA /* Assets.xcassets */ = {isa = PBXFileReference; lastKnownFileType = folder.assetcatalog; path = Assets.xcassets; sourceTree = "<group>"; };
		3A2565AF25E770ED00C173AA /* Preview Assets.xcassets */ = {isa = PBXFileReference; lastKnownFileType = folder.assetcatalog; path = "Preview Assets.xcassets"; sourceTree = "<group>"; };
		3A2565B125E770ED00C173AA /* Info.plist */ = {isa = PBXFileReference; lastKnownFileType = text.plist.xml; path = Info.plist; sourceTree = "<group>"; };
		3A2565B625E770ED00C173AA /* Music PlayerTests.xctest */ = {isa = PBXFileReference; explicitFileType = wrapper.cfbundle; includeInIndex = 0; path = "Music PlayerTests.xctest"; sourceTree = BUILT_PRODUCTS_DIR; };
		3A2565BA25E770ED00C173AA /* Music_PlayerTests.swift */ = {isa = PBXFileReference; lastKnownFileType = sourcecode.swift; path = Music_PlayerTests.swift; sourceTree = "<group>"; };
		3A2565BC25E770ED00C173AA /* Info.plist */ = {isa = PBXFileReference; lastKnownFileType = text.plist.xml; path = Info.plist; sourceTree = "<group>"; };
		3A2565C125E770ED00C173AA /* Music PlayerUITests.xctest */ = {isa = PBXFileReference; explicitFileType = wrapper.cfbundle; includeInIndex = 0; path = "Music PlayerUITests.xctest"; sourceTree = BUILT_PRODUCTS_DIR; };
		3A2565C525E770ED00C173AA /* Music_PlayerUITests.swift */ = {isa = PBXFileReference; lastKnownFileType = sourcecode.swift; path = Music_PlayerUITests.swift; sourceTree = "<group>"; };
		3A2565C725E770ED00C173AA /* Info.plist */ = {isa = PBXFileReference; lastKnownFileType = text.plist.xml; path = Info.plist; sourceTree = "<group>"; };
		3A2565D625E7819F00C173AA /* FileManager+.swift */ = {isa = PBXFileReference; lastKnownFileType = sourcecode.swift; path = "FileManager+.swift"; sourceTree = "<group>"; };
		3A2565DC25E784A700C173AA /* Nihilore - Fragile - 09 Katabasis.mp3 */ = {isa = PBXFileReference; lastKnownFileType = audio.mp3; path = "Nihilore - Fragile - 09 Katabasis.mp3"; sourceTree = "<group>"; };
		3A2565DD25E784A700C173AA /* Nihilore - Fragile - 05 Parade.mp3 */ = {isa = PBXFileReference; lastKnownFileType = audio.mp3; path = "Nihilore - Fragile - 05 Parade.mp3"; sourceTree = "<group>"; };
		3A2565DE25E784A700C173AA /* Nihilore - Fragile - 03 Solitaire.mp3 */ = {isa = PBXFileReference; lastKnownFileType = audio.mp3; path = "Nihilore - Fragile - 03 Solitaire.mp3"; sourceTree = "<group>"; };
		3A2565DF25E784A700C173AA /* Nihilore - Fragile - 06 Drifting.mp3 */ = {isa = PBXFileReference; lastKnownFileType = audio.mp3; path = "Nihilore - Fragile - 06 Drifting.mp3"; sourceTree = "<group>"; };
		3A2565E025E784A700C173AA /* Nihilore - Fragile - 11 Broken in Two.mp3 */ = {isa = PBXFileReference; lastKnownFileType = audio.mp3; path = "Nihilore - Fragile - 11 Broken in Two.mp3"; sourceTree = "<group>"; };
		3A2565E125E784A700C173AA /* Nihilore - Fragile - Fragile-logo.jpg */ = {isa = PBXFileReference; lastKnownFileType = image.jpeg; path = "Nihilore - Fragile - Fragile-logo.jpg"; sourceTree = "<group>"; };
		3A2565E225E784A700C173AA /* Nihilore - Fragile - 10 Same as Sharks.mp3 */ = {isa = PBXFileReference; lastKnownFileType = audio.mp3; path = "Nihilore - Fragile - 10 Same as Sharks.mp3"; sourceTree = "<group>"; };
		3A2565E325E784A700C173AA /* Nihilore - Fragile - 04 Healing.mp3 */ = {isa = PBXFileReference; lastKnownFileType = audio.mp3; path = "Nihilore - Fragile - 04 Healing.mp3"; sourceTree = "<group>"; };
		3A2565E425E784A700C173AA /* Nihilore - Fragile - 02 Fictofaction.mp3 */ = {isa = PBXFileReference; lastKnownFileType = audio.mp3; path = "Nihilore - Fragile - 02 Fictofaction.mp3"; sourceTree = "<group>"; };
		3A2565E525E784A700C173AA /* Nihilore - Fragile - 08 Past Times.mp3 */ = {isa = PBXFileReference; lastKnownFileType = audio.mp3; path = "Nihilore - Fragile - 08 Past Times.mp3"; sourceTree = "<group>"; };
		3A2565E625E784A700C173AA /* Nihilore - Fragile - 01 Oceans Apart.mp3 */ = {isa = PBXFileReference; lastKnownFileType = audio.mp3; path = "Nihilore - Fragile - 01 Oceans Apart.mp3"; sourceTree = "<group>"; };
		3A2565E725E784A700C173AA /* cover.jpg */ = {isa = PBXFileReference; lastKnownFileType = image.jpeg; path = cover.jpg; sourceTree = "<group>"; };
		3A2565E825E784A700C173AA /* Nihilore - Fragile - 07 Hailstorm.mp3 */ = {isa = PBXFileReference; lastKnownFileType = audio.mp3; path = "Nihilore - Fragile - 07 Hailstorm.mp3"; sourceTree = "<group>"; };
		3A2565FC25E7876200C173AA /* HomeViewModel.swift */ = {isa = PBXFileReference; lastKnownFileType = sourcecode.swift; path = HomeViewModel.swift; sourceTree = "<group>"; };
		3A25660425E78D0800C173AA /* songs.json */ = {isa = PBXFileReference; lastKnownFileType = text.json; path = songs.json; sourceTree = "<group>"; };
		3A8E439B25F146B300D075A0 /* ProgressBarView.swift */ = {isa = PBXFileReference; lastKnownFileType = sourcecode.swift; path = ProgressBarView.swift; sourceTree = "<group>"; };
		3ABDC71325EBEF58008EEF17 /* Song.swift */ = {isa = PBXFileReference; lastKnownFileType = sourcecode.swift; path = Song.swift; sourceTree = "<group>"; };
		3ABDC71825EBF0F8008EEF17 /* Songs.swift */ = {isa = PBXFileReference; lastKnownFileType = sourcecode.swift; path = Songs.swift; sourceTree = "<group>"; };
		3ABDC72025EC5900008EEF17 /* Bundle+.swift */ = {isa = PBXFileReference; lastKnownFileType = sourcecode.swift; path = "Bundle+.swift"; sourceTree = "<group>"; };
		3ABDC72525EEEBE2008EEF17 /* SongListItemView.swift */ = {isa = PBXFileReference; lastKnownFileType = sourcecode.swift; path = SongListItemView.swift; sourceTree = "<group>"; };
		3ABDC73625EF3960008EEF17 /* PlayerView.swift */ = {isa = PBXFileReference; lastKnownFileType = sourcecode.swift; path = PlayerView.swift; sourceTree = "<group>"; };
/* End PBXFileReference section */

/* Begin PBXFrameworksBuildPhase section */
		3A2565A225E770EA00C173AA /* Frameworks */ = {
			isa = PBXFrameworksBuildPhase;
			buildActionMask = 2147483647;
			files = (
				3ABDC73225EF00BB008EEF17 /* Nuke in Frameworks */,
			);
			runOnlyForDeploymentPostprocessing = 0;
		};
		3A2565B325E770ED00C173AA /* Frameworks */ = {
			isa = PBXFrameworksBuildPhase;
			buildActionMask = 2147483647;
			files = (
			);
			runOnlyForDeploymentPostprocessing = 0;
		};
		3A2565BE25E770ED00C173AA /* Frameworks */ = {
			isa = PBXFrameworksBuildPhase;
			buildActionMask = 2147483647;
			files = (
			);
			runOnlyForDeploymentPostprocessing = 0;
		};
/* End PBXFrameworksBuildPhase section */

/* Begin PBXGroup section */
		3A21F3CF25F595AC00841B34 /* Models */ = {
			isa = PBXGroup;
			children = (
				3ABDC71825EBF0F8008EEF17 /* Songs.swift */,
				3ABDC71325EBEF58008EEF17 /* Song.swift */,
			);
			name = Models;
			sourceTree = "<group>";
		};
		3A21F3D325F595F600841B34 /* Views */ = {
			isa = PBXGroup;
			children = (
				3A2565AA25E770EA00C173AA /* HomeView.swift */,
				3ABDC73625EF3960008EEF17 /* PlayerView.swift */,
				3A8E439B25F146B300D075A0 /* ProgressBarView.swift */,
				3ABDC72525EEEBE2008EEF17 /* SongListItemView.swift */,
			);
			name = Views;
			sourceTree = "<group>";
		};
		3A21F3D425F5960400841B34 /* ViewModels */ = {
			isa = PBXGroup;
			children = (
				3A2565FC25E7876200C173AA /* HomeViewModel.swift */,
			);
			name = ViewModels;
			sourceTree = "<group>";
		};
		3A21F3D825F5961900841B34 /* Extensions */ = {
			isa = PBXGroup;
			children = (
				3ABDC72025EC5900008EEF17 /* Bundle+.swift */,
				3A2565D625E7819F00C173AA /* FileManager+.swift */,
			);
			name = Extensions;
			sourceTree = "<group>";
		};
		3A21F3D925F5963500841B34 /* Shared */ = {
			isa = PBXGroup;
			children = (
				3A21F3BD25F44DFF00841B34 /* Player.swift */,
			);
			path = Shared;
			sourceTree = "<group>";
		};
		3A25659C25E770EA00C173AA = {
			isa = PBXGroup;
			children = (
				3A2565A725E770EA00C173AA /* Music Player */,
				3A2565B925E770ED00C173AA /* Music PlayerTests */,
				3A2565C425E770ED00C173AA /* Music PlayerUITests */,
				3A2565A625E770EA00C173AA /* Products */,
			);
			sourceTree = "<group>";
		};
		3A2565A625E770EA00C173AA /* Products */ = {
			isa = PBXGroup;
			children = (
				3A2565A525E770EA00C173AA /* Music Player.app */,
				3A2565B625E770ED00C173AA /* Music PlayerTests.xctest */,
				3A2565C125E770ED00C173AA /* Music PlayerUITests.xctest */,
			);
			name = Products;
			sourceTree = "<group>";
		};
		3A2565A725E770EA00C173AA /* Music Player */ = {
			isa = PBXGroup;
			children = (
				3A21F3D925F5963500841B34 /* Shared */,
				3A21F3D825F5961900841B34 /* Extensions */,
				3A21F3D425F5960400841B34 /* ViewModels */,
				3A21F3D325F595F600841B34 /* Views */,
				3A21F3CF25F595AC00841B34 /* Models */,
				3A2565A825E770EA00C173AA /* Music_PlayerApp.swift */,
				3A2565DB25E784A700C173AA /* nihilore_fragile */,
				3A2565AC25E770ED00C173AA /* Assets.xcassets */,
				3A2565B125E770ED00C173AA /* Info.plist */,
				3A2565AE25E770ED00C173AA /* Preview Content */,
				3A25660425E78D0800C173AA /* songs.json */,
			);
			path = "Music Player";
			sourceTree = "<group>";
		};
		3A2565AE25E770ED00C173AA /* Preview Content */ = {
			isa = PBXGroup;
			children = (
				3A2565AF25E770ED00C173AA /* Preview Assets.xcassets */,
			);
			path = "Preview Content";
			sourceTree = "<group>";
		};
		3A2565B925E770ED00C173AA /* Music PlayerTests */ = {
			isa = PBXGroup;
			children = (
				3A2565BA25E770ED00C173AA /* Music_PlayerTests.swift */,
				3A2565BC25E770ED00C173AA /* Info.plist */,
			);
			path = "Music PlayerTests";
			sourceTree = "<group>";
		};
		3A2565C425E770ED00C173AA /* Music PlayerUITests */ = {
			isa = PBXGroup;
			children = (
				3A2565C525E770ED00C173AA /* Music_PlayerUITests.swift */,
				3A2565C725E770ED00C173AA /* Info.plist */,
			);
			path = "Music PlayerUITests";
			sourceTree = "<group>";
		};
		3A2565DB25E784A700C173AA /* nihilore_fragile */ = {
			isa = PBXGroup;
			children = (
				3A2565DC25E784A700C173AA /* Nihilore - Fragile - 09 Katabasis.mp3 */,
				3A2565DD25E784A700C173AA /* Nihilore - Fragile - 05 Parade.mp3 */,
				3A2565DE25E784A700C173AA /* Nihilore - Fragile - 03 Solitaire.mp3 */,
				3A2565DF25E784A700C173AA /* Nihilore - Fragile - 06 Drifting.mp3 */,
				3A2565E025E784A700C173AA /* Nihilore - Fragile - 11 Broken in Two.mp3 */,
				3A2565E125E784A700C173AA /* Nihilore - Fragile - Fragile-logo.jpg */,
				3A2565E225E784A700C173AA /* Nihilore - Fragile - 10 Same as Sharks.mp3 */,
				3A2565E325E784A700C173AA /* Nihilore - Fragile - 04 Healing.mp3 */,
				3A2565E425E784A700C173AA /* Nihilore - Fragile - 02 Fictofaction.mp3 */,
				3A2565E525E784A700C173AA /* Nihilore - Fragile - 08 Past Times.mp3 */,
				3A2565E625E784A700C173AA /* Nihilore - Fragile - 01 Oceans Apart.mp3 */,
				3A2565E725E784A700C173AA /* cover.jpg */,
				3A2565E825E784A700C173AA /* Nihilore - Fragile - 07 Hailstorm.mp3 */,
			);
			path = nihilore_fragile;
			sourceTree = "<group>";
		};
/* End PBXGroup section */

/* Begin PBXNativeTarget section */
		3A2565A425E770EA00C173AA /* Music Player */ = {
			isa = PBXNativeTarget;
			buildConfigurationList = 3A2565CA25E770ED00C173AA /* Build configuration list for PBXNativeTarget "Music Player" */;
			buildPhases = (
				3A2565A125E770EA00C173AA /* Sources */,
				3A2565A225E770EA00C173AA /* Frameworks */,
				3A2565A325E770EA00C173AA /* Resources */,
			);
			buildRules = (
			);
			dependencies = (
			);
			name = "Music Player";
			packageProductDependencies = (
				3ABDC73125EF00BB008EEF17 /* Nuke */,
			);
			productName = "Music Player";
			productReference = 3A2565A525E770EA00C173AA /* Music Player.app */;
			productType = "com.apple.product-type.application";
		};
		3A2565B525E770ED00C173AA /* Music PlayerTests */ = {
			isa = PBXNativeTarget;
			buildConfigurationList = 3A2565CD25E770ED00C173AA /* Build configuration list for PBXNativeTarget "Music PlayerTests" */;
			buildPhases = (
				3A2565B225E770ED00C173AA /* Sources */,
				3A2565B325E770ED00C173AA /* Frameworks */,
				3A2565B425E770ED00C173AA /* Resources */,
			);
			buildRules = (
			);
			dependencies = (
				3A2565B825E770ED00C173AA /* PBXTargetDependency */,
			);
			name = "Music PlayerTests";
			productName = "Music PlayerTests";
			productReference = 3A2565B625E770ED00C173AA /* Music PlayerTests.xctest */;
			productType = "com.apple.product-type.bundle.unit-test";
		};
		3A2565C025E770ED00C173AA /* Music PlayerUITests */ = {
			isa = PBXNativeTarget;
			buildConfigurationList = 3A2565D025E770ED00C173AA /* Build configuration list for PBXNativeTarget "Music PlayerUITests" */;
			buildPhases = (
				3A2565BD25E770ED00C173AA /* Sources */,
				3A2565BE25E770ED00C173AA /* Frameworks */,
				3A2565BF25E770ED00C173AA /* Resources */,
			);
			buildRules = (
			);
			dependencies = (
				3A2565C325E770ED00C173AA /* PBXTargetDependency */,
			);
			name = "Music PlayerUITests";
			productName = "Music PlayerUITests";
			productReference = 3A2565C125E770ED00C173AA /* Music PlayerUITests.xctest */;
			productType = "com.apple.product-type.bundle.ui-testing";
		};
/* End PBXNativeTarget section */

/* Begin PBXProject section */
		3A25659D25E770EA00C173AA /* Project object */ = {
			isa = PBXProject;
			attributes = {
				LastSwiftUpdateCheck = 1240;
				LastUpgradeCheck = 1240;
				TargetAttributes = {
					3A2565A425E770EA00C173AA = {
						CreatedOnToolsVersion = 12.4;
					};
					3A2565B525E770ED00C173AA = {
						CreatedOnToolsVersion = 12.4;
						TestTargetID = 3A2565A425E770EA00C173AA;
					};
					3A2565C025E770ED00C173AA = {
						CreatedOnToolsVersion = 12.4;
						TestTargetID = 3A2565A425E770EA00C173AA;
					};
				};
			};
			buildConfigurationList = 3A2565A025E770EA00C173AA /* Build configuration list for PBXProject "Music Player" */;
			compatibilityVersion = "Xcode 9.3";
			developmentRegion = en;
			hasScannedForEncodings = 0;
			knownRegions = (
				en,
				Base,
			);
			mainGroup = 3A25659C25E770EA00C173AA;
			packageReferences = (
				3ABDC73025EF00BB008EEF17 /* XCRemoteSwiftPackageReference "Nuke" */,
			);
			productRefGroup = 3A2565A625E770EA00C173AA /* Products */;
			projectDirPath = "";
			projectRoot = "";
			targets = (
				3A2565A425E770EA00C173AA /* Music Player */,
				3A2565B525E770ED00C173AA /* Music PlayerTests */,
				3A2565C025E770ED00C173AA /* Music PlayerUITests */,
			);
		};
/* End PBXProject section */

/* Begin PBXResourcesBuildPhase section */
		3A2565A325E770EA00C173AA /* Resources */ = {
			isa = PBXResourcesBuildPhase;
			buildActionMask = 2147483647;
			files = (
				3A2565F225E784A700C173AA /* Nihilore - Fragile - 08 Past Times.mp3 in Resources */,
				3A2565F125E784A700C173AA /* Nihilore - Fragile - 02 Fictofaction.mp3 in Resources */,
				3A2565EA25E784A700C173AA /* Nihilore - Fragile - 05 Parade.mp3 in Resources */,
				3A2565F025E784A700C173AA /* Nihilore - Fragile - 04 Healing.mp3 in Resources */,
				3A2565E925E784A700C173AA /* Nihilore - Fragile - 09 Katabasis.mp3 in Resources */,
				3A2565F425E784A700C173AA /* cover.jpg in Resources */,
				3A2565EE25E784A700C173AA /* Nihilore - Fragile - Fragile-logo.jpg in Resources */,
				3A2565EB25E784A700C173AA /* Nihilore - Fragile - 03 Solitaire.mp3 in Resources */,
				3A2565F525E784A700C173AA /* Nihilore - Fragile - 07 Hailstorm.mp3 in Resources */,
				3A2565ED25E784A700C173AA /* Nihilore - Fragile - 11 Broken in Two.mp3 in Resources */,
				3A2565EF25E784A700C173AA /* Nihilore - Fragile - 10 Same as Sharks.mp3 in Resources */,
				3A2565B025E770ED00C173AA /* Preview Assets.xcassets in Resources */,
				3A25660525E78D0800C173AA /* songs.json in Resources */,
				3A2565F325E784A700C173AA /* Nihilore - Fragile - 01 Oceans Apart.mp3 in Resources */,
				3A2565AD25E770ED00C173AA /* Assets.xcassets in Resources */,
				3A2565EC25E784A700C173AA /* Nihilore - Fragile - 06 Drifting.mp3 in Resources */,
			);
			runOnlyForDeploymentPostprocessing = 0;
		};
		3A2565B425E770ED00C173AA /* Resources */ = {
			isa = PBXResourcesBuildPhase;
			buildActionMask = 2147483647;
			files = (
			);
			runOnlyForDeploymentPostprocessing = 0;
		};
		3A2565BF25E770ED00C173AA /* Resources */ = {
			isa = PBXResourcesBuildPhase;
			buildActionMask = 2147483647;
			files = (
			);
			runOnlyForDeploymentPostprocessing = 0;
		};
/* End PBXResourcesBuildPhase section */

/* Begin PBXSourcesBuildPhase section */
		3A2565A125E770EA00C173AA /* Sources */ = {
			isa = PBXSourcesBuildPhase;
			buildActionMask = 2147483647;
			files = (
				3A21F3BE25F44DFF00841B34 /* Player.swift in Sources */,
				3ABDC73725EF3960008EEF17 /* PlayerView.swift in Sources */,
				3ABDC71925EBF0F8008EEF17 /* Songs.swift in Sources */,
				3ABDC72125EC5900008EEF17 /* Bundle+.swift in Sources */,
				3A2565AB25E770EA00C173AA /* HomeView.swift in Sources */,
				3A2565D725E7819F00C173AA /* FileManager+.swift in Sources */,
				3A2565A925E770EA00C173AA /* Music_PlayerApp.swift in Sources */,
				3A2565FD25E7876200C173AA /* HomeViewModel.swift in Sources */,
				3ABDC72625EEEBE2008EEF17 /* SongListItemView.swift in Sources */,
				3ABDC71425EBEF58008EEF17 /* Song.swift in Sources */,
				3A8E439C25F146B300D075A0 /* ProgressBarView.swift in Sources */,
			);
			runOnlyForDeploymentPostprocessing = 0;
		};
		3A2565B225E770ED00C173AA /* Sources */ = {
			isa = PBXSourcesBuildPhase;
			buildActionMask = 2147483647;
			files = (
				3A2565BB25E770ED00C173AA /* Music_PlayerTests.swift in Sources */,
			);
			runOnlyForDeploymentPostprocessing = 0;
		};
		3A2565BD25E770ED00C173AA /* Sources */ = {
			isa = PBXSourcesBuildPhase;
			buildActionMask = 2147483647;
			files = (
				3A2565C625E770ED00C173AA /* Music_PlayerUITests.swift in Sources */,
			);
			runOnlyForDeploymentPostprocessing = 0;
		};
/* End PBXSourcesBuildPhase section */

/* Begin PBXTargetDependency section */
		3A2565B825E770ED00C173AA /* PBXTargetDependency */ = {
			isa = PBXTargetDependency;
			target = 3A2565A425E770EA00C173AA /* Music Player */;
			targetProxy = 3A2565B725E770ED00C173AA /* PBXContainerItemProxy */;
		};
		3A2565C325E770ED00C173AA /* PBXTargetDependency */ = {
			isa = PBXTargetDependency;
			target = 3A2565A425E770EA00C173AA /* Music Player */;
			targetProxy = 3A2565C225E770ED00C173AA /* PBXContainerItemProxy */;
		};
/* End PBXTargetDependency section */

/* Begin XCBuildConfiguration section */
		3A2565C825E770ED00C173AA /* Debug */ = {
			isa = XCBuildConfiguration;
			buildSettings = {
				ALWAYS_SEARCH_USER_PATHS = NO;
				CLANG_ANALYZER_NONNULL = YES;
				CLANG_ANALYZER_NUMBER_OBJECT_CONVERSION = YES_AGGRESSIVE;
				CLANG_CXX_LANGUAGE_STANDARD = "gnu++14";
				CLANG_CXX_LIBRARY = "libc++";
				CLANG_ENABLE_MODULES = YES;
				CLANG_ENABLE_OBJC_ARC = YES;
				CLANG_ENABLE_OBJC_WEAK = YES;
				CLANG_WARN_BLOCK_CAPTURE_AUTORELEASING = YES;
				CLANG_WARN_BOOL_CONVERSION = YES;
				CLANG_WARN_COMMA = YES;
				CLANG_WARN_CONSTANT_CONVERSION = YES;
				CLANG_WARN_DEPRECATED_OBJC_IMPLEMENTATIONS = YES;
				CLANG_WARN_DIRECT_OBJC_ISA_USAGE = YES_ERROR;
				CLANG_WARN_DOCUMENTATION_COMMENTS = YES;
				CLANG_WARN_EMPTY_BODY = YES;
				CLANG_WARN_ENUM_CONVERSION = YES;
				CLANG_WARN_INFINITE_RECURSION = YES;
				CLANG_WARN_INT_CONVERSION = YES;
				CLANG_WARN_NON_LITERAL_NULL_CONVERSION = YES;
				CLANG_WARN_OBJC_IMPLICIT_RETAIN_SELF = YES;
				CLANG_WARN_OBJC_LITERAL_CONVERSION = YES;
				CLANG_WARN_OBJC_ROOT_CLASS = YES_ERROR;
				CLANG_WARN_QUOTED_INCLUDE_IN_FRAMEWORK_HEADER = YES;
				CLANG_WARN_RANGE_LOOP_ANALYSIS = YES;
				CLANG_WARN_STRICT_PROTOTYPES = YES;
				CLANG_WARN_SUSPICIOUS_MOVE = YES;
				CLANG_WARN_UNGUARDED_AVAILABILITY = YES_AGGRESSIVE;
				CLANG_WARN_UNREACHABLE_CODE = YES;
				CLANG_WARN__DUPLICATE_METHOD_MATCH = YES;
				COPY_PHASE_STRIP = NO;
				DEBUG_INFORMATION_FORMAT = dwarf;
				ENABLE_STRICT_OBJC_MSGSEND = YES;
				ENABLE_TESTABILITY = YES;
				GCC_C_LANGUAGE_STANDARD = gnu11;
				GCC_DYNAMIC_NO_PIC = NO;
				GCC_NO_COMMON_BLOCKS = YES;
				GCC_OPTIMIZATION_LEVEL = 0;
				GCC_PREPROCESSOR_DEFINITIONS = (
					"DEBUG=1",
					"$(inherited)",
				);
				GCC_WARN_64_TO_32_BIT_CONVERSION = YES;
				GCC_WARN_ABOUT_RETURN_TYPE = YES_ERROR;
				GCC_WARN_UNDECLARED_SELECTOR = YES;
				GCC_WARN_UNINITIALIZED_AUTOS = YES_AGGRESSIVE;
				GCC_WARN_UNUSED_FUNCTION = YES;
				GCC_WARN_UNUSED_VARIABLE = YES;
				IPHONEOS_DEPLOYMENT_TARGET = 14.4;
				MTL_ENABLE_DEBUG_INFO = INCLUDE_SOURCE;
				MTL_FAST_MATH = YES;
				ONLY_ACTIVE_ARCH = YES;
				SDKROOT = iphoneos;
				SWIFT_ACTIVE_COMPILATION_CONDITIONS = DEBUG;
				SWIFT_OPTIMIZATION_LEVEL = "-Onone";
			};
			name = Debug;
		};
		3A2565C925E770ED00C173AA /* Release */ = {
			isa = XCBuildConfiguration;
			buildSettings = {
				ALWAYS_SEARCH_USER_PATHS = NO;
				CLANG_ANALYZER_NONNULL = YES;
				CLANG_ANALYZER_NUMBER_OBJECT_CONVERSION = YES_AGGRESSIVE;
				CLANG_CXX_LANGUAGE_STANDARD = "gnu++14";
				CLANG_CXX_LIBRARY = "libc++";
				CLANG_ENABLE_MODULES = YES;
				CLANG_ENABLE_OBJC_ARC = YES;
				CLANG_ENABLE_OBJC_WEAK = YES;
				CLANG_WARN_BLOCK_CAPTURE_AUTORELEASING = YES;
				CLANG_WARN_BOOL_CONVERSION = YES;
				CLANG_WARN_COMMA = YES;
				CLANG_WARN_CONSTANT_CONVERSION = YES;
				CLANG_WARN_DEPRECATED_OBJC_IMPLEMENTATIONS = YES;
				CLANG_WARN_DIRECT_OBJC_ISA_USAGE = YES_ERROR;
				CLANG_WARN_DOCUMENTATION_COMMENTS = YES;
				CLANG_WARN_EMPTY_BODY = YES;
				CLANG_WARN_ENUM_CONVERSION = YES;
				CLANG_WARN_INFINITE_RECURSION = YES;
				CLANG_WARN_INT_CONVERSION = YES;
				CLANG_WARN_NON_LITERAL_NULL_CONVERSION = YES;
				CLANG_WARN_OBJC_IMPLICIT_RETAIN_SELF = YES;
				CLANG_WARN_OBJC_LITERAL_CONVERSION = YES;
				CLANG_WARN_OBJC_ROOT_CLASS = YES_ERROR;
				CLANG_WARN_QUOTED_INCLUDE_IN_FRAMEWORK_HEADER = YES;
				CLANG_WARN_RANGE_LOOP_ANALYSIS = YES;
				CLANG_WARN_STRICT_PROTOTYPES = YES;
				CLANG_WARN_SUSPICIOUS_MOVE = YES;
				CLANG_WARN_UNGUARDED_AVAILABILITY = YES_AGGRESSIVE;
				CLANG_WARN_UNREACHABLE_CODE = YES;
				CLANG_WARN__DUPLICATE_METHOD_MATCH = YES;
				COPY_PHASE_STRIP = NO;
				DEBUG_INFORMATION_FORMAT = "dwarf-with-dsym";
				ENABLE_NS_ASSERTIONS = NO;
				ENABLE_STRICT_OBJC_MSGSEND = YES;
				GCC_C_LANGUAGE_STANDARD = gnu11;
				GCC_NO_COMMON_BLOCKS = YES;
				GCC_WARN_64_TO_32_BIT_CONVERSION = YES;
				GCC_WARN_ABOUT_RETURN_TYPE = YES_ERROR;
				GCC_WARN_UNDECLARED_SELECTOR = YES;
				GCC_WARN_UNINITIALIZED_AUTOS = YES_AGGRESSIVE;
				GCC_WARN_UNUSED_FUNCTION = YES;
				GCC_WARN_UNUSED_VARIABLE = YES;
				IPHONEOS_DEPLOYMENT_TARGET = 14.4;
				MTL_ENABLE_DEBUG_INFO = NO;
				MTL_FAST_MATH = YES;
				SDKROOT = iphoneos;
				SWIFT_COMPILATION_MODE = wholemodule;
				SWIFT_OPTIMIZATION_LEVEL = "-O";
				VALIDATE_PRODUCT = YES;
			};
			name = Release;
		};
		3A2565CB25E770ED00C173AA /* Debug */ = {
			isa = XCBuildConfiguration;
			buildSettings = {
				ASSETCATALOG_COMPILER_APPICON_NAME = AppIcon;
				ASSETCATALOG_COMPILER_GLOBAL_ACCENT_COLOR_NAME = AccentColor;
				CODE_SIGN_STYLE = Automatic;
				DEVELOPMENT_ASSET_PATHS = "\"Music Player/Preview Content\"";
				DEVELOPMENT_TEAM = PD7TUZC2FU;
				ENABLE_PREVIEWS = YES;
				INFOPLIST_FILE = "Music Player/Info.plist";
				IPHONEOS_DEPLOYMENT_TARGET = 14.0;
				LD_RUNPATH_SEARCH_PATHS = (
					"$(inherited)",
					"@executable_path/Frameworks",
				);
				PRODUCT_BUNDLE_IDENTIFIER = "com.joeshonm.music-player";
				PRODUCT_NAME = "$(TARGET_NAME)";
				SWIFT_VERSION = 5.0;
				TARGETED_DEVICE_FAMILY = "1,2";
			};
			name = Debug;
		};
		3A2565CC25E770ED00C173AA /* Release */ = {
			isa = XCBuildConfiguration;
			buildSettings = {
				ASSETCATALOG_COMPILER_APPICON_NAME = AppIcon;
				ASSETCATALOG_COMPILER_GLOBAL_ACCENT_COLOR_NAME = AccentColor;
				CODE_SIGN_STYLE = Automatic;
				DEVELOPMENT_ASSET_PATHS = "\"Music Player/Preview Content\"";
				DEVELOPMENT_TEAM = PD7TUZC2FU;
				ENABLE_PREVIEWS = YES;
				INFOPLIST_FILE = "Music Player/Info.plist";
				IPHONEOS_DEPLOYMENT_TARGET = 14.0;
				LD_RUNPATH_SEARCH_PATHS = (
					"$(inherited)",
					"@executable_path/Frameworks",
				);
				PRODUCT_BUNDLE_IDENTIFIER = "com.joeshonm.music-player";
				PRODUCT_NAME = "$(TARGET_NAME)";
				SWIFT_VERSION = 5.0;
				TARGETED_DEVICE_FAMILY = "1,2";
			};
			name = Release;
		};
		3A2565CE25E770ED00C173AA /* Debug */ = {
			isa = XCBuildConfiguration;
			buildSettings = {
				ALWAYS_EMBED_SWIFT_STANDARD_LIBRARIES = YES;
				BUNDLE_LOADER = "$(TEST_HOST)";
				CODE_SIGN_STYLE = Automatic;
				DEVELOPMENT_TEAM = PD7TUZC2FU;
				INFOPLIST_FILE = "Music PlayerTests/Info.plist";
				IPHONEOS_DEPLOYMENT_TARGET = 14.0;
				LD_RUNPATH_SEARCH_PATHS = (
					"$(inherited)",
					"@executable_path/Frameworks",
					"@loader_path/Frameworks",
				);
				PRODUCT_BUNDLE_IDENTIFIER = "come.monroeandco.Music-PlayerTests";
				PRODUCT_NAME = "$(TARGET_NAME)";
				SWIFT_VERSION = 5.0;
				TARGETED_DEVICE_FAMILY = "1,2";
				TEST_HOST = "$(BUILT_PRODUCTS_DIR)/Music Player.app/Music Player";
			};
			name = Debug;
		};
		3A2565CF25E770ED00C173AA /* Release */ = {
			isa = XCBuildConfiguration;
			buildSettings = {
				ALWAYS_EMBED_SWIFT_STANDARD_LIBRARIES = YES;
				BUNDLE_LOADER = "$(TEST_HOST)";
				CODE_SIGN_STYLE = Automatic;
				DEVELOPMENT_TEAM = PD7TUZC2FU;
				INFOPLIST_FILE = "Music PlayerTests/Info.plist";
				IPHONEOS_DEPLOYMENT_TARGET = 14.0;
				LD_RUNPATH_SEARCH_PATHS = (
					"$(inherited)",
					"@executable_path/Frameworks",
					"@loader_path/Frameworks",
				);
				PRODUCT_BUNDLE_IDENTIFIER = "come.monroeandco.Music-PlayerTests";
				PRODUCT_NAME = "$(TARGET_NAME)";
				SWIFT_VERSION = 5.0;
				TARGETED_DEVICE_FAMILY = "1,2";
				TEST_HOST = "$(BUILT_PRODUCTS_DIR)/Music Player.app/Music Player";
			};
			name = Release;
		};
		3A2565D125E770ED00C173AA /* Debug */ = {
			isa = XCBuildConfiguration;
			buildSettings = {
				ALWAYS_EMBED_SWIFT_STANDARD_LIBRARIES = YES;
				CODE_SIGN_STYLE = Automatic;
				DEVELOPMENT_TEAM = PD7TUZC2FU;
				INFOPLIST_FILE = "Music PlayerUITests/Info.plist";
				LD_RUNPATH_SEARCH_PATHS = (
					"$(inherited)",
					"@executable_path/Frameworks",
					"@loader_path/Frameworks",
				);
				PRODUCT_BUNDLE_IDENTIFIER = "come.monroeandco.Music-PlayerUITests";
				PRODUCT_NAME = "$(TARGET_NAME)";
				SWIFT_VERSION = 5.0;
				TARGETED_DEVICE_FAMILY = "1,2";
				TEST_TARGET_NAME = "Music Player";
			};
			name = Debug;
		};
		3A2565D225E770ED00C173AA /* Release */ = {
			isa = XCBuildConfiguration;
			buildSettings = {
				ALWAYS_EMBED_SWIFT_STANDARD_LIBRARIES = YES;
				CODE_SIGN_STYLE = Automatic;
				DEVELOPMENT_TEAM = PD7TUZC2FU;
				INFOPLIST_FILE = "Music PlayerUITests/Info.plist";
				LD_RUNPATH_SEARCH_PATHS = (
					"$(inherited)",
					"@executable_path/Frameworks",
					"@loader_path/Frameworks",
				);
				PRODUCT_BUNDLE_IDENTIFIER = "come.monroeandco.Music-PlayerUITests";
				PRODUCT_NAME = "$(TARGET_NAME)";
				SWIFT_VERSION = 5.0;
				TARGETED_DEVICE_FAMILY = "1,2";
				TEST_TARGET_NAME = "Music Player";
			};
			name = Release;
		};
/* End XCBuildConfiguration section */

/* Begin XCConfigurationList section */
		3A2565A025E770EA00C173AA /* Build configuration list for PBXProject "Music Player" */ = {
			isa = XCConfigurationList;
			buildConfigurations = (
				3A2565C825E770ED00C173AA /* Debug */,
				3A2565C925E770ED00C173AA /* Release */,
			);
			defaultConfigurationIsVisible = 0;
			defaultConfigurationName = Release;
		};
		3A2565CA25E770ED00C173AA /* Build configuration list for PBXNativeTarget "Music Player" */ = {
			isa = XCConfigurationList;
			buildConfigurations = (
				3A2565CB25E770ED00C173AA /* Debug */,
				3A2565CC25E770ED00C173AA /* Release */,
			);
			defaultConfigurationIsVisible = 0;
			defaultConfigurationName = Release;
		};
		3A2565CD25E770ED00C173AA /* Build configuration list for PBXNativeTarget "Music PlayerTests" */ = {
			isa = XCConfigurationList;
			buildConfigurations = (
				3A2565CE25E770ED00C173AA /* Debug */,
				3A2565CF25E770ED00C173AA /* Release */,
			);
			defaultConfigurationIsVisible = 0;
			defaultConfigurationName = Release;
		};
		3A2565D025E770ED00C173AA /* Build configuration list for PBXNativeTarget "Music PlayerUITests" */ = {
			isa = XCConfigurationList;
			buildConfigurations = (
				3A2565D125E770ED00C173AA /* Debug */,
				3A2565D225E770ED00C173AA /* Release */,
			);
			defaultConfigurationIsVisible = 0;
			defaultConfigurationName = Release;
		};
/* End XCConfigurationList section */

/* Begin XCRemoteSwiftPackageReference section */
		3ABDC73025EF00BB008EEF17 /* XCRemoteSwiftPackageReference "Nuke" */ = {
			isa = XCRemoteSwiftPackageReference;
			repositoryURL = "https://github.com/kean/Nuke";
			requirement = {
				kind = upToNextMajorVersion;
				minimumVersion = 9.3.0;
			};
		};
/* End XCRemoteSwiftPackageReference section */

/* Begin XCSwiftPackageProductDependency section */
		3ABDC73125EF00BB008EEF17 /* Nuke */ = {
			isa = XCSwiftPackageProductDependency;
			package = 3ABDC73025EF00BB008EEF17 /* XCRemoteSwiftPackageReference "Nuke" */;
			productName = Nuke;
		};
/* End XCSwiftPackageProductDependency section */
	};
	rootObject = 3A25659D25E770EA00C173AA /* Project object */;
}
